<?xml version="1.0" encoding="utf-8"?>
<Project ToolsVersion="4.0" xmlns:atg="http://atg.xbox.com" xmlns="http://schemas.microsoft.com/developer/msbuild/2003">
  <ItemGroup>
    <Filter Include="Resource Files">
      <UniqueIdentifier>{8e114980-c1a3-4ada-ad7c-83caadf5daeb}</UniqueIdentifier>
      <Extensions>rc;ico;cur;bmp;dlg;rc2;rct;bin;rgs;gif;jpg;jpeg;jpe</Extensions>
    </Filter>
    <Filter Include="DXUT">
      <UniqueIdentifier>{a43c5c25-0e86-4a20-b64a-883785ff74fd}</UniqueIdentifier>
    </Filter>
    <Filter Include="Shaders">
      <UniqueIdentifier>{2c3d4c8c-5d1a-459a-a05a-a4e4b608a44e}</UniqueIdentifier>
      <Extensions>fx;fxh;hlsl</Extensions>
    </Filter>
    <Filter Include="ImGui">
      <UniqueIdentifier>{09041cbe-45d4-4517-9e90-50644ca37356}</UniqueIdentifier>
    </Filter>
    <Filter Include="ImGui\DirectX">
      <UniqueIdentifier>{a93db41c-1956-463a-887d-73d8c0cc9fbf}</UniqueIdentifier>
    </Filter>
  </ItemGroup>
  <ItemGroup>
    <ClInclude Include="CBuffer.h" />
    <ClInclude Include="CCamera.h" />
    <ClInclude Include="CManager.h" />
    <ClInclude Include="Dependencies\ImGui\ImGuiDirectX\imconfig.h">
      <Filter>ImGui\DirectX</Filter>
    </ClInclude>
    <ClInclude Include="Dependencies\ImGui\ImGuiDirectX\imgui.h">
      <Filter>ImGui\DirectX</Filter>
    </ClInclude>
    <ClInclude Include="Dependencies\ImGui\ImGuiDirectX\imgui_impl_dx11.h">
      <Filter>ImGui\DirectX</Filter>
    </ClInclude>
    <ClInclude Include="Dependencies\ImGui\ImGuiDirectX\imgui_impl_win32.h">
      <Filter>ImGui\DirectX</Filter>
    </ClInclude>
    <ClInclude Include="Dependencies\ImGui\ImGuiDirectX\imgui_internal.h">
      <Filter>ImGui\DirectX</Filter>
    </ClInclude>
    <ClInclude Include="Dependencies\ImGui\ImGuiDirectX\imstb_rectpack.h">
      <Filter>ImGui\DirectX</Filter>
    </ClInclude>
    <ClInclude Include="Dependencies\ImGui\ImGuiDirectX\imstb_textedit.h">
      <Filter>ImGui\DirectX</Filter>
    </ClInclude>
    <ClInclude Include="Dependencies\ImGui\ImGuiDirectX\imstb_truetype.h">
      <Filter>ImGui\DirectX</Filter>
    </ClInclude>
    <ClInclude Include="Abstractions.h" />
  </ItemGroup>
  <ItemGroup>
    <ClCompile Include="Tutorial07.cpp" />
    <ClCompile Include="CBuffer.cpp" />
    <ClCompile Include="CCamera.cpp" />
    <ClCompile Include="CManager.cpp" />
    <ClCompile Include="Dependencies\ImGui\ImGuiDirectX\imgui.cpp">
      <Filter>ImGui\DirectX</Filter>
    </ClCompile>
    <ClCompile Include="Dependencies\ImGui\ImGuiDirectX\imgui_draw.cpp">
      <Filter>ImGui\DirectX</Filter>
    </ClCompile>
    <ClCompile Include="Dependencies\ImGui\ImGuiDirectX\imgui_impl_dx11.cpp">
      <Filter>ImGui\DirectX</Filter>
    </ClCompile>
    <ClCompile Include="Dependencies\ImGui\ImGuiDirectX\imgui_impl_win32.cpp">
      <Filter>ImGui\DirectX</Filter>
    </ClCompile>
    <ClCompile Include="Dependencies\ImGui\ImGuiDirectX\imgui_widgets.cpp">
      <Filter>ImGui\DirectX</Filter>
    </ClCompile>
    <ClCompile Include="Abstractions.cpp" />
  </ItemGroup>
  <ItemGroup>
    <None Include="Tutorial07.fx">
      <Filter>Shaders</Filter>
    </None>
  </ItemGroup>
  <ItemGroup>
    <CLInclude Include="resource.h">
      <Filter>Resource Files</Filter>
    </CLInclude>
    <ResourceCompile Include="Tutorial07.rc">
      <Filter>Resource Files</Filter>
    </ResourceCompile>
  </ItemGroup>
  <ItemGroup>
  </ItemGroup>
</Project>